
Microsoft Visual Studio Solution File, Format Version 12.00
# Visual Studio Version 16
VisualStudioVersion = 16.0.31105.61
MinimumVisualStudioVersion = 10.0.40219.1
Project("{FAE04EC0-301F-11D3-BF4B-00C04F79EFBC}") = "Mercurial", "Mercurial\Mercurial.csproj", "{777D01DC-F044-42A8-8A5B-D366DAD4E130}"
EndProject
Global
	GlobalSection(SolutionConfigurationPlatforms) = preSolution
		Debug|Any CPU = Debug|Any CPU
		Release|Any CPU = Release|Any CPU
	EndGlobalSection
	GlobalSection(ProjectConfigurationPlatforms) = postSolution
		{777D01DC-F044-42A8-8A5B-D366DAD4E130}.Debug|Any CPU.ActiveCfg = Debug|Any CPU
		{777D01DC-F044-42A8-8A5B-D366DAD4E130}.Debug|Any CPU.Build.0 = Debug|Any CPU
		{777D01DC-F044-42A8-8A5B-D366DAD4E130}.Release|Any CPU.ActiveCfg = Release|Any CPU
		{777D01DC-F044-42A8-8A5B-D366DAD4E130}.Release|Any CPU.Build.0 = Release|Any CPU
	EndGlobalSection
	GlobalSection(SolutionProperties) = preSolution
		HideSolutionNode = FALSE
	EndGlobalSection
	GlobalSection(ExtensibilityGlobals) = postSolution
		SolutionGuid = {6642598E-8123-4498-B83B-349DCB0B701C}
	EndGlobalSection
EndGlobal
